
Microsoft Visual Studio Solution File, Format Version 11.00
# Visual Studio 2010
Project("{2150E333-8FDC-42A3-9474-1A3956D46DE8}") = "Solution Items", "Solution Items", "{D15C12DE-4E13-4B20-8B13-D3AFC914D61E}"
	ProjectSection(SolutionItems) = preProject
		config.ini = config.ini
	EndProjectSection
EndProject
Project("{FAE04EC0-301F-11D3-BF4B-00C04F79EFBC}") = "GreisDocParser", "GreisDocParser\GreisDocParser.csproj", "{CE756DDB-9655-43FE-A209-230363E3D62D}"
EndProject
Project("{8BC9CEB8-8B4A-11D0-8D11-00A0C91BC942}") = "ProjectBase", "ProjectBase\ProjectBase.vcxproj", "{CA84F6E4-1DD0-4FEB-AE7C-D143F244C835}"
EndProject
Project("{8BC9CEB8-8B4A-11D0-8D11-00A0C91BC942}") = "ProjectBase.Tests", "ProjectBase.Tests\ProjectBase.Tests.vcxproj", "{2E3676D0-A2AA-4580-97FE-87297EB77435}"
EndProject
Project("{8BC9CEB8-8B4A-11D0-8D11-00A0C91BC942}") = "Greis", "Greis\Greis.vcxproj", "{524DCC9B-B6E6-488A-9842-B33166C6B9F4}"
	ProjectSection(ProjectDependencies) = postProject
		{CE756DDB-9655-43FE-A209-230363E3D62D} = {CE756DDB-9655-43FE-A209-230363E3D62D}
	EndProjectSection
EndProject
Project("{8BC9CEB8-8B4A-11D0-8D11-00A0C91BC942}") = "Greis.Tests", "Greis.Tests\Greis.Tests.vcxproj", "{ACF70C5A-AA7E-49EC-9725-367B670947C7}"
EndProject
Project("{8BC9CEB8-8B4A-11D0-8D11-00A0C91BC942}") = "BUILD_STEPS", "BUILD_STEPS\BUILD_STEPS.vcxproj", "{4F58376E-7494-4819-BD89-1CD36CA9A414}"
EndProject
Project("{8BC9CEB8-8B4A-11D0-8D11-00A0C91BC942}") = "JpsToDatabase", "JpsToDatabase\JpsToDatabase.vcxproj", "{7FD82A61-B4AA-44B2-8A65-4999BA8176EE}"
EndProject
Project("{8BC9CEB8-8B4A-11D0-8D11-00A0C91BC942}") = "DatabaseToJps", "DatabaseToJps\DatabaseToJps.vcxproj", "{427D8279-65B1-4F05-A6F9-134E3CBE29AC}"
EndProject
Project("{2150E333-8FDC-42A3-9474-1A3956D46DE8}") = "CppEnvTemplates", "CppEnvTemplates", "{6BB4B8E1-FBDF-4C3D-B4BF-288CF3CFA6FC}"
	ProjectSection(SolutionItems) = preProject
		GreisCppEnvTemplates\AllCustomTypes.template.h = GreisCppEnvTemplates\AllCustomTypes.template.h
		GreisCppEnvTemplates\AllStdMessages.template.h = GreisCppEnvTemplates\AllStdMessages.template.h
		GreisCppEnvTemplates\ConcreteCustomType.template.cpp = GreisCppEnvTemplates\ConcreteCustomType.template.cpp
		GreisCppEnvTemplates\ConcreteCustomType.template.h = GreisCppEnvTemplates\ConcreteCustomType.template.h
		GreisCppEnvTemplates\ConcreteStdMessage.template.cpp = GreisCppEnvTemplates\ConcreteStdMessage.template.cpp
		GreisCppEnvTemplates\ConcreteStdMessage.template.h = GreisCppEnvTemplates\ConcreteStdMessage.template.h
		GreisCppEnvTemplates\ECustomTypeId.template.h = GreisCppEnvTemplates\ECustomTypeId.template.h
		GreisCppEnvTemplates\EMessageId.template.h = GreisCppEnvTemplates\EMessageId.template.h
		GreisCppEnvTemplates\MySqlSinkGeneratedMembers.template.cpp = GreisCppEnvTemplates\MySqlSinkGeneratedMembers.template.cpp
		GreisCppEnvTemplates\MySqlSourceGeneratedMembers.template.cpp = GreisCppEnvTemplates\MySqlSourceGeneratedMembers.template.cpp
		GreisCppEnvTemplates\StdMessageFactory.template.cpp = GreisCppEnvTemplates\StdMessageFactory.template.cpp
		GreisCppEnvTemplates\StdMessageGeneratedMembers.template.cpp = GreisCppEnvTemplates\StdMessageGeneratedMembers.template.cpp
	EndProjectSection
EndProject
Project("{8BC9CEB8-8B4A-11D0-8D11-00A0C91BC942}") = "jpslogd", "jpslogd\jpslogd.vcxproj", "{AEBBD4D8-0517-47A2-9030-CCF736987B37}"
EndProject
Project("{2150E333-8FDC-42A3-9474-1A3956D46DE8}") = "Core Projects", "Core Projects", "{F1C5AED3-86B6-42EB-A7B1-3F60BBFC712F}"
EndProject
Project("{2150E333-8FDC-42A3-9474-1A3956D46DE8}") = "Applications", "Applications", "{06F5A0ED-C38A-4198-AEFA-B5333ED052DD}"
EndProject
Global
	GlobalSection(SolutionConfigurationPlatforms) = preSolution
		Debug|Mixed Platforms = Debug|Mixed Platforms
		Debug|Win32 = Debug|Win32
		Debug|x86 = Debug|x86
		Release|Mixed Platforms = Release|Mixed Platforms
		Release|Win32 = Release|Win32
		Release|x86 = Release|x86
	EndGlobalSection
	GlobalSection(ProjectConfigurationPlatforms) = postSolution
		{CE756DDB-9655-43FE-A209-230363E3D62D}.Debug|Mixed Platforms.ActiveCfg = Debug|x86
		{CE756DDB-9655-43FE-A209-230363E3D62D}.Debug|Mixed Platforms.Build.0 = Debug|x86
		{CE756DDB-9655-43FE-A209-230363E3D62D}.Debug|Win32.ActiveCfg = Debug|x86
		{CE756DDB-9655-43FE-A209-230363E3D62D}.Debug|x86.ActiveCfg = Debug|x86
		{CE756DDB-9655-43FE-A209-230363E3D62D}.Debug|x86.Build.0 = Debug|x86
		{CE756DDB-9655-43FE-A209-230363E3D62D}.Release|Mixed Platforms.ActiveCfg = Release|x86
		{CE756DDB-9655-43FE-A209-230363E3D62D}.Release|Mixed Platforms.Build.0 = Release|x86
		{CE756DDB-9655-43FE-A209-230363E3D62D}.Release|Win32.ActiveCfg = Release|x86
		{CE756DDB-9655-43FE-A209-230363E3D62D}.Release|x86.ActiveCfg = Release|x86
		{CE756DDB-9655-43FE-A209-230363E3D62D}.Release|x86.Build.0 = Release|x86
		{CA84F6E4-1DD0-4FEB-AE7C-D143F244C835}.Debug|Mixed Platforms.ActiveCfg = Debug|Win32
		{CA84F6E4-1DD0-4FEB-AE7C-D143F244C835}.Debug|Mixed Platforms.Build.0 = Debug|Win32
		{CA84F6E4-1DD0-4FEB-AE7C-D143F244C835}.Debug|Win32.ActiveCfg = Debug|Win32
		{CA84F6E4-1DD0-4FEB-AE7C-D143F244C835}.Debug|Win32.Build.0 = Debug|Win32
		{CA84F6E4-1DD0-4FEB-AE7C-D143F244C835}.Debug|x86.ActiveCfg = Debug|Win32
		{CA84F6E4-1DD0-4FEB-AE7C-D143F244C835}.Release|Mixed Platforms.ActiveCfg = Release|Win32
		{CA84F6E4-1DD0-4FEB-AE7C-D143F244C835}.Release|Mixed Platforms.Build.0 = Release|Win32
		{CA84F6E4-1DD0-4FEB-AE7C-D143F244C835}.Release|Win32.ActiveCfg = Release|Win32
		{CA84F6E4-1DD0-4FEB-AE7C-D143F244C835}.Release|Win32.Build.0 = Release|Win32
		{CA84F6E4-1DD0-4FEB-AE7C-D143F244C835}.Release|x86.ActiveCfg = Release|Win32
		{2E3676D0-A2AA-4580-97FE-87297EB77435}.Debug|Mixed Platforms.ActiveCfg = Debug|Win32
		{2E3676D0-A2AA-4580-97FE-87297EB77435}.Debug|Mixed Platforms.Build.0 = Debug|Win32
		{2E3676D0-A2AA-4580-97FE-87297EB77435}.Debug|Win32.ActiveCfg = Debug|Win32
		{2E3676D0-A2AA-4580-97FE-87297EB77435}.Debug|Win32.Build.0 = Debug|Win32
		{2E3676D0-A2AA-4580-97FE-87297EB77435}.Debug|x86.ActiveCfg = Debug|Win32
		{2E3676D0-A2AA-4580-97FE-87297EB77435}.Release|Mixed Platforms.ActiveCfg = Release|Win32
		{2E3676D0-A2AA-4580-97FE-87297EB77435}.Release|Mixed Platforms.Build.0 = Release|Win32
		{2E3676D0-A2AA-4580-97FE-87297EB77435}.Release|Win32.ActiveCfg = Release|Win32
		{2E3676D0-A2AA-4580-97FE-87297EB77435}.Release|Win32.Build.0 = Release|Win32
		{2E3676D0-A2AA-4580-97FE-87297EB77435}.Release|x86.ActiveCfg = Release|Win32
		{524DCC9B-B6E6-488A-9842-B33166C6B9F4}.Debug|Mixed Platforms.ActiveCfg = Debug|Win32
		{524DCC9B-B6E6-488A-9842-B33166C6B9F4}.Debug|Mixed Platforms.Build.0 = Debug|Win32
		{524DCC9B-B6E6-488A-9842-B33166C6B9F4}.Debug|Win32.ActiveCfg = Debug|Win32
		{524DCC9B-B6E6-488A-9842-B33166C6B9F4}.Debug|Win32.Build.0 = Debug|Win32
		{524DCC9B-B6E6-488A-9842-B33166C6B9F4}.Debug|x86.ActiveCfg = Debug|Win32
		{524DCC9B-B6E6-488A-9842-B33166C6B9F4}.Release|Mixed Platforms.ActiveCfg = Release|Win32
		{524DCC9B-B6E6-488A-9842-B33166C6B9F4}.Release|Mixed Platforms.Build.0 = Release|Win32
		{524DCC9B-B6E6-488A-9842-B33166C6B9F4}.Release|Win32.ActiveCfg = Release|Win32
		{524DCC9B-B6E6-488A-9842-B33166C6B9F4}.Release|Win32.Build.0 = Release|Win32
		{524DCC9B-B6E6-488A-9842-B33166C6B9F4}.Release|x86.ActiveCfg = Release|Win32
		{ACF70C5A-AA7E-49EC-9725-367B670947C7}.Debug|Mixed Platforms.ActiveCfg = Debug|Win32
		{ACF70C5A-AA7E-49EC-9725-367B670947C7}.Debug|Mixed Platforms.Build.0 = Debug|Win32
		{ACF70C5A-AA7E-49EC-9725-367B670947C7}.Debug|Win32.ActiveCfg = Debug|Win32
		{ACF70C5A-AA7E-49EC-9725-367B670947C7}.Debug|Win32.Build.0 = Debug|Win32
		{ACF70C5A-AA7E-49EC-9725-367B670947C7}.Debug|x86.ActiveCfg = Debug|Win32
		{ACF70C5A-AA7E-49EC-9725-367B670947C7}.Release|Mixed Platforms.ActiveCfg = Release|Win32
		{ACF70C5A-AA7E-49EC-9725-367B670947C7}.Release|Mixed Platforms.Build.0 = Release|Win32
		{ACF70C5A-AA7E-49EC-9725-367B670947C7}.Release|Win32.ActiveCfg = Release|Win32
		{ACF70C5A-AA7E-49EC-9725-367B670947C7}.Release|Win32.Build.0 = Release|Win32
		{ACF70C5A-AA7E-49EC-9725-367B670947C7}.Release|x86.ActiveCfg = Release|Win32
		{4F58376E-7494-4819-BD89-1CD36CA9A414}.Debug|Mixed Platforms.ActiveCfg = Debug|Win32
		{4F58376E-7494-4819-BD89-1CD36CA9A414}.Debug|Mixed Platforms.Build.0 = Debug|Win32
		{4F58376E-7494-4819-BD89-1CD36CA9A414}.Debug|Win32.ActiveCfg = Debug|Win32
		{4F58376E-7494-4819-BD89-1CD36CA9A414}.Debug|Win32.Build.0 = Debug|Win32
		{4F58376E-7494-4819-BD89-1CD36CA9A414}.Debug|x86.ActiveCfg = Debug|Win32
		{4F58376E-7494-4819-BD89-1CD36CA9A414}.Release|Mixed Platforms.ActiveCfg = Release|Win32
		{4F58376E-7494-4819-BD89-1CD36CA9A414}.Release|Mixed Platforms.Build.0 = Release|Win32
		{4F58376E-7494-4819-BD89-1CD36CA9A414}.Release|Win32.ActiveCfg = Release|Win32
		{4F58376E-7494-4819-BD89-1CD36CA9A414}.Release|Win32.Build.0 = Release|Win32
		{4F58376E-7494-4819-BD89-1CD36CA9A414}.Release|x86.ActiveCfg = Release|Win32
		{7FD82A61-B4AA-44B2-8A65-4999BA8176EE}.Debug|Mixed Platforms.ActiveCfg = Debug|Win32
		{7FD82A61-B4AA-44B2-8A65-4999BA8176EE}.Debug|Mixed Platforms.Build.0 = Debug|Win32
		{7FD82A61-B4AA-44B2-8A65-4999BA8176EE}.Debug|Win32.ActiveCfg = Debug|Win32
		{7FD82A61-B4AA-44B2-8A65-4999BA8176EE}.Debug|Win32.Build.0 = Debug|Win32
		{7FD82A61-B4AA-44B2-8A65-4999BA8176EE}.Debug|x86.ActiveCfg = Debug|Win32
		{7FD82A61-B4AA-44B2-8A65-4999BA8176EE}.Release|Mixed Platforms.ActiveCfg = Release|Win32
		{7FD82A61-B4AA-44B2-8A65-4999BA8176EE}.Release|Mixed Platforms.Build.0 = Release|Win32
		{7FD82A61-B4AA-44B2-8A65-4999BA8176EE}.Release|Win32.ActiveCfg = Release|Win32
		{7FD82A61-B4AA-44B2-8A65-4999BA8176EE}.Release|Win32.Build.0 = Release|Win32
		{7FD82A61-B4AA-44B2-8A65-4999BA8176EE}.Release|x86.ActiveCfg = Release|Win32
		{427D8279-65B1-4F05-A6F9-134E3CBE29AC}.Debug|Mixed Platforms.ActiveCfg = Debug|Win32
		{427D8279-65B1-4F05-A6F9-134E3CBE29AC}.Debug|Mixed Platforms.Build.0 = Debug|Win32
		{427D8279-65B1-4F05-A6F9-134E3CBE29AC}.Debug|Win32.ActiveCfg = Debug|Win32
		{427D8279-65B1-4F05-A6F9-134E3CBE29AC}.Debug|Win32.Build.0 = Debug|Win32
		{427D8279-65B1-4F05-A6F9-134E3CBE29AC}.Debug|x86.ActiveCfg = Debug|Win32
		{427D8279-65B1-4F05-A6F9-134E3CBE29AC}.Release|Mixed Platforms.ActiveCfg = Release|Win32
		{427D8279-65B1-4F05-A6F9-134E3CBE29AC}.Release|Mixed Platforms.Build.0 = Release|Win32
		{427D8279-65B1-4F05-A6F9-134E3CBE29AC}.Release|Win32.ActiveCfg = Release|Win32
		{427D8279-65B1-4F05-A6F9-134E3CBE29AC}.Release|Win32.Build.0 = Release|Win32
		{427D8279-65B1-4F05-A6F9-134E3CBE29AC}.Release|x86.ActiveCfg = Release|Win32
		{AEBBD4D8-0517-47A2-9030-CCF736987B37}.Debug|Mixed Platforms.ActiveCfg = Debug|Win32
		{AEBBD4D8-0517-47A2-9030-CCF736987B37}.Debug|Mixed Platforms.Build.0 = Debug|Win32
		{AEBBD4D8-0517-47A2-9030-CCF736987B37}.Debug|Win32.ActiveCfg = Debug|Win32
		{AEBBD4D8-0517-47A2-9030-CCF736987B37}.Debug|Win32.Build.0 = Debug|Win32
		{AEBBD4D8-0517-47A2-9030-CCF736987B37}.Debug|x86.ActiveCfg = Debug|Win32
		{AEBBD4D8-0517-47A2-9030-CCF736987B37}.Release|Mixed Platforms.ActiveCfg = Release|Win32
		{AEBBD4D8-0517-47A2-9030-CCF736987B37}.Release|Mixed Platforms.Build.0 = Release|Win32
		{AEBBD4D8-0517-47A2-9030-CCF736987B37}.Release|Win32.ActiveCfg = Release|Win32
		{AEBBD4D8-0517-47A2-9030-CCF736987B37}.Release|Win32.Build.0 = Release|Win32
		{AEBBD4D8-0517-47A2-9030-CCF736987B37}.Release|x86.ActiveCfg = Release|Win32
	EndGlobalSection
	GlobalSection(SolutionProperties) = preSolution
		HideSolutionNode = FALSE
	EndGlobalSection
	GlobalSection(NestedProjects) = preSolution
		{6BB4B8E1-FBDF-4C3D-B4BF-288CF3CFA6FC} = {D15C12DE-4E13-4B20-8B13-D3AFC914D61E}
		{CA84F6E4-1DD0-4FEB-AE7C-D143F244C835} = {F1C5AED3-86B6-42EB-A7B1-3F60BBFC712F}
		{2E3676D0-A2AA-4580-97FE-87297EB77435} = {F1C5AED3-86B6-42EB-A7B1-3F60BBFC712F}
		{524DCC9B-B6E6-488A-9842-B33166C6B9F4} = {F1C5AED3-86B6-42EB-A7B1-3F60BBFC712F}
		{ACF70C5A-AA7E-49EC-9725-367B670947C7} = {F1C5AED3-86B6-42EB-A7B1-3F60BBFC712F}
		{CE756DDB-9655-43FE-A209-230363E3D62D} = {F1C5AED3-86B6-42EB-A7B1-3F60BBFC712F}
		{427D8279-65B1-4F05-A6F9-134E3CBE29AC} = {06F5A0ED-C38A-4198-AEFA-B5333ED052DD}
		{AEBBD4D8-0517-47A2-9030-CCF736987B37} = {06F5A0ED-C38A-4198-AEFA-B5333ED052DD}
		{7FD82A61-B4AA-44B2-8A65-4999BA8176EE} = {06F5A0ED-C38A-4198-AEFA-B5333ED052DD}
	EndGlobalSection
EndGlobal
