<?xml version="1.0" encoding="utf-8"?>
<Project ToolsVersion="4.0" xmlns="http://schemas.microsoft.com/developer/msbuild/2003">
  <ItemGroup>
    <Filter Include="Resource Files">
      <UniqueIdentifier>{67DA6AB6-F800-4c08-8B7A-83BB121AAD01}</UniqueIdentifier>
      <Extensions>rc;ico;cur;bmp;dlg;rc2;rct;bin;rgs;gif;jpg;jpeg;jpe;resx;tiff;tif;png;wav;mfcribbon-ms</Extensions>
    </Filter>
    <Filter Include="Database">
      <UniqueIdentifier>{c8a0fc79-458a-44b5-877e-54618e233a6c}</UniqueIdentifier>
    </Filter>
    <Filter Include="Util">
      <UniqueIdentifier>{b348dbf2-e5d3-4104-a78c-f297b3ce4dbf}</UniqueIdentifier>
    </Filter>
  </ItemGroup>
  <ItemGroup>
    <None Include="ReadMe.txt" />
  </ItemGroup>
  <ItemGroup>
    <ClInclude Include="ProjectBase\DataInserter.h">
      <Filter>Database</Filter>
    </ClInclude>
    <ClInclude Include="ProjectBase\DataConsistencyException.h">
      <Filter>Database</Filter>
    </ClInclude>
    <ClInclude Include="ProjectBase\DataBatchInserter.h">
      <Filter>Database</Filter>
    </ClInclude>
    <ClInclude Include="ProjectBase\DatabaseHelper.h">
      <Filter>Database</Filter>
    </ClInclude>
    <ClInclude Include="ProjectBase\DatabaseException.h">
      <Filter>Database</Filter>
    </ClInclude>
    <ClInclude Include="ProjectBase\Connection.h">
      <Filter>Database</Filter>
    </ClInclude>
    <ClInclude Include="ProjectBase\Path.h">
      <Filter>Util</Filter>
    </ClInclude>
    <ClInclude Include="ProjectBase\BitConverter.h">
      <Filter>Util</Filter>
    </ClInclude>
    <ClInclude Include="ProjectBase\Exception.h">
      <Filter>Util</Filter>
    </ClInclude>
    <ClInclude Include="ProjectBase\File.h">
      <Filter>Util</Filter>
    </ClInclude>
    <ClInclude Include="ProjectBase\FileException.h">
      <Filter>Util</Filter>
    </ClInclude>
    <ClInclude Include="ProjectBase\IniSettings.h">
      <Filter>Util</Filter>
    </ClInclude>
    <ClInclude Include="ProjectBase\InvalidOperationException.h">
      <Filter>Util</Filter>
    </ClInclude>
    <ClInclude Include="ProjectBase\Logger.h">
      <Filter>Util</Filter>
    </ClInclude>
    <ClInclude Include="ProjectBase\Macro.h">
      <Filter>Util</Filter>
    </ClInclude>
    <ClInclude Include="ProjectBase\NotImplementedException.h">
      <Filter>Util</Filter>
    </ClInclude>
    <ClInclude Include="ProjectBase\NotSupportedException.h">
      <Filter>Util</Filter>
    </ClInclude>
    <ClInclude Include="ProjectBase\SmartPtr.h">
      <Filter>Util</Filter>
    </ClInclude>
    <ClInclude Include="ProjectBase\Singleton.h">
      <Filter>Util</Filter>
    </ClInclude>
    <ClInclude Include="ProjectBase\ProjectBase.h" />
  </ItemGroup>
  <ItemGroup>
    <ClCompile Include="src\DataBatchInserter.cpp">
      <Filter>Database</Filter>
    </ClCompile>
    <ClCompile Include="src\DatabaseHelper.cpp">
      <Filter>Database</Filter>
    </ClCompile>
    <ClCompile Include="src\Connection.cpp">
      <Filter>Database</Filter>
    </ClCompile>
    <ClCompile Include="src\BitConverter.cpp">
      <Filter>Util</Filter>
    </ClCompile>
    <ClCompile Include="src\File.cpp">
      <Filter>Util</Filter>
    </ClCompile>
    <ClCompile Include="src\IniSettings.cpp">
      <Filter>Util</Filter>
    </ClCompile>
    <ClCompile Include="src\Logger.cpp">
      <Filter>Util</Filter>
    </ClCompile>
    <ClCompile Include="src\Path.cpp">
      <Filter>Util</Filter>
    </ClCompile>
  </ItemGroup>
</Project>