<?xml version="1.0" encoding="utf-8"?>
<Project ToolsVersion="4.0" xmlns="http://schemas.microsoft.com/developer/msbuild/2003">
  <ItemGroup>
    <Filter Include="GREIS">
      <UniqueIdentifier>{46290229-ddc5-4675-815c-183cd232898a}</UniqueIdentifier>
    </Filter>
    <Filter Include="Domain">
      <UniqueIdentifier>{0805234b-f65f-42a9-bfa7-0cac0ef4fa33}</UniqueIdentifier>
    </Filter>
    <Filter Include="Tests">
      <UniqueIdentifier>{29354251-b7fb-45f3-a2ee-b49cddce6f97}</UniqueIdentifier>
    </Filter>
  </ItemGroup>
  <ItemGroup>
    <ClCompile Include="main.cpp" />
    <ClCompile Include="GreisMessage.cpp">
      <Filter>GREIS</Filter>
    </ClCompile>
    <ClCompile Include="JpsFile.cpp">
      <Filter>GREIS</Filter>
    </ClCompile>
    <ClCompile Include="Domain\MetaInfo.cpp">
      <Filter>Domain</Filter>
    </ClCompile>
  </ItemGroup>
  <ItemGroup>
    <ClInclude Include="GreisMessage.h">
      <Filter>GREIS</Filter>
    </ClInclude>
    <ClInclude Include="GreisMessageStream.h">
      <Filter>GREIS</Filter>
    </ClInclude>
    <ClInclude Include="GreisException.h">
      <Filter>GREIS</Filter>
    </ClInclude>
    <ClInclude Include="GreisChecksum.h">
      <Filter>GREIS</Filter>
    </ClInclude>
    <ClInclude Include="GreisTypes.h">
      <Filter>GREIS</Filter>
    </ClInclude>
    <ClInclude Include="JpsFile.h">
      <Filter>GREIS</Filter>
    </ClInclude>
    <ClInclude Include="Domain\MetaInfo.h">
      <Filter>Domain</Filter>
    </ClInclude>
    <ClInclude Include="Domain\MetaInfoReader.h">
      <Filter>Domain</Filter>
    </ClInclude>
    <ClInclude Include="Domain\MySqlSink.h">
      <Filter>Domain</Filter>
    </ClInclude>
    <ClInclude Include="Tests\BitConverter.Tests.h">
      <Filter>Tests</Filter>
    </ClInclude>
  </ItemGroup>
</Project>