<?xml version="1.0" encoding="utf-8"?>
<Project ToolsVersion="4.0" xmlns="http://schemas.microsoft.com/developer/msbuild/2003">
  <ItemGroup>
    <Filter Include="Common">
      <UniqueIdentifier>{d4880dee-617f-4c72-93d7-442423c2c26d}</UniqueIdentifier>
    </Filter>
    <Filter Include="Common\Settings">
      <UniqueIdentifier>{b5fa1583-6cad-4479-9d5e-1528474ae2f5}</UniqueIdentifier>
    </Filter>
    <Filter Include="GREIS">
      <UniqueIdentifier>{46290229-ddc5-4675-815c-183cd232898a}</UniqueIdentifier>
    </Filter>
    <Filter Include="Common\Exceptions">
      <UniqueIdentifier>{efb6d50d-a82b-48fe-a2d0-d8d8c86b011e}</UniqueIdentifier>
    </Filter>
    <Filter Include="Database">
      <UniqueIdentifier>{2c5f0b63-f47c-4a7e-bdb9-eb1f4f8c9dcf}</UniqueIdentifier>
    </Filter>
    <Filter Include="Common\Database">
      <UniqueIdentifier>{fa03a132-ae54-4b60-b9a0-c40079c7a2c7}</UniqueIdentifier>
    </Filter>
    <Filter Include="Refactored">
      <UniqueIdentifier>{954f9204-7cca-427c-a68e-42fe18db887a}</UniqueIdentifier>
    </Filter>
    <Filter Include="Refactored\Util">
      <UniqueIdentifier>{fc37742d-e91d-4414-9aab-cc9749ce6667}</UniqueIdentifier>
    </Filter>
    <Filter Include="Refactored\Util\Exceptions">
      <UniqueIdentifier>{5a9e1a38-a753-4c35-8dde-15a9d2a7d389}</UniqueIdentifier>
    </Filter>
  </ItemGroup>
  <ItemGroup>
    <ClCompile Include="main.cpp" />
    <ClCompile Include="GreisMessage.cpp">
      <Filter>GREIS</Filter>
    </ClCompile>
    <ClCompile Include="JpsFile.cpp">
      <Filter>GREIS</Filter>
    </ClCompile>
    <ClCompile Include="Util\IniSettings.cpp">
      <Filter>Refactored\Util</Filter>
    </ClCompile>
  </ItemGroup>
  <ItemGroup>
    <ClInclude Include="Common\Exceptions\DatabaseException.h">
      <Filter>Common\Exceptions</Filter>
    </ClInclude>
    <ClInclude Include="Common\Exceptions\DataStructureException.h">
      <Filter>Common\Exceptions</Filter>
    </ClInclude>
    <ClInclude Include="GreisMessage.h">
      <Filter>GREIS</Filter>
    </ClInclude>
    <ClInclude Include="GreisMessageStream.h">
      <Filter>GREIS</Filter>
    </ClInclude>
    <ClInclude Include="GreisException.h">
      <Filter>GREIS</Filter>
    </ClInclude>
    <ClInclude Include="GreisChecksum.h">
      <Filter>GREIS</Filter>
    </ClInclude>
    <ClInclude Include="GreisTypes.h">
      <Filter>GREIS</Filter>
    </ClInclude>
    <ClInclude Include="JpsFile.h">
      <Filter>GREIS</Filter>
    </ClInclude>
    <ClInclude Include="DatabaseWriter.h">
      <Filter>Database</Filter>
    </ClInclude>
    <ClInclude Include="Common\Database\Connection.h">
      <Filter>Common\Database</Filter>
    </ClInclude>
    <ClInclude Include="Common\Database\DatabaseHelper.h">
      <Filter>Common\Database</Filter>
    </ClInclude>
    <ClInclude Include="Common\Database\DataInserter.h">
      <Filter>Common\Database</Filter>
    </ClInclude>
    <ClInclude Include="Util\Logger.h">
      <Filter>Refactored\Util</Filter>
    </ClInclude>
    <ClInclude Include="Util\Singleton.h">
      <Filter>Refactored\Util</Filter>
    </ClInclude>
    <ClInclude Include="Util\Path.h">
      <Filter>Refactored\Util</Filter>
    </ClInclude>
    <ClInclude Include="Util\SharedPtr.h">
      <Filter>Refactored\Util</Filter>
    </ClInclude>
    <ClInclude Include="Util\File.h">
      <Filter>Refactored\Util</Filter>
    </ClInclude>
    <ClInclude Include="Util\Macro.h">
      <Filter>Refactored\Util</Filter>
    </ClInclude>
    <ClInclude Include="Util\Exception.h">
      <Filter>Refactored\Util\Exceptions</Filter>
    </ClInclude>
    <ClInclude Include="Util\FileException.h">
      <Filter>Refactored\Util\Exceptions</Filter>
    </ClInclude>
    <ClInclude Include="Util\InvalidOperationException.h">
      <Filter>Refactored\Util\Exceptions</Filter>
    </ClInclude>
    <ClInclude Include="Util\BitConverter.h">
      <Filter>Refactored\Util</Filter>
    </ClInclude>
    <ClInclude Include="Util\IniSettings.h">
      <Filter>Refactored\Util</Filter>
    </ClInclude>
  </ItemGroup>
  <ItemGroup>
    <None Include="logger.config.xml" />
  </ItemGroup>
</Project>