<?xml version="1.0" encoding="utf-8"?>
<Project ToolsVersion="4.0" xmlns="http://schemas.microsoft.com/developer/msbuild/2003">
  <ItemGroup>
    <Filter Include="Source Files">
      <UniqueIdentifier>{4FC737F1-C7A5-4376-A066-2A32D752A2FF}</UniqueIdentifier>
      <Extensions>cpp;c;cc;cxx;def;odl;idl;hpj;bat;asm;asmx</Extensions>
    </Filter>
    <Filter Include="Header Files">
      <UniqueIdentifier>{93995380-89BD-4b04-88EB-625FBE52EBFB}</UniqueIdentifier>
      <Extensions>h;hpp;hxx;hm;inl;inc;xsd</Extensions>
    </Filter>
    <Filter Include="Resource Files">
      <UniqueIdentifier>{67DA6AB6-F800-4c08-8B7A-83BB121AAD01}</UniqueIdentifier>
      <Extensions>rc;ico;cur;bmp;dlg;rc2;rct;bin;rgs;gif;jpg;jpeg;jpe;resx;tiff;tif;png;wav;mfcribbon-ms</Extensions>
    </Filter>
    <Filter Include="StdMessages">
      <UniqueIdentifier>{b8f339bf-fe85-4061-8885-16739f35c2dc}</UniqueIdentifier>
    </Filter>
    <Filter Include="CustomTypes">
      <UniqueIdentifier>{eba7fa95-b8fe-4474-a01c-df9fceda7201}</UniqueIdentifier>
    </Filter>
  </ItemGroup>
  <ItemGroup>
    <ClInclude Include="GreisTypes.h">
      <Filter>Header Files</Filter>
    </ClInclude>
    <ClInclude Include="Message.h">
      <Filter>Header Files</Filter>
    </ClInclude>
    <ClInclude Include="EMessageKind.h">
      <Filter>Header Files</Filter>
    </ClInclude>
    <ClInclude Include="NonStdTextMessage.h">
      <Filter>Header Files</Filter>
    </ClInclude>
    <ClInclude Include="ChecksumComputer.h">
      <Filter>Header Files</Filter>
    </ClInclude>
    <ClInclude Include="StdMessage.h">
      <Filter>Header Files</Filter>
    </ClInclude>
    <ClInclude Include="RawStdMessage.h">
      <Filter>Header Files</Filter>
    </ClInclude>
    <ClInclude Include="GreisException.h">
      <Filter>Header Files</Filter>
    </ClInclude>
    <ClInclude Include="GreisMessageStream.h">
      <Filter>Header Files</Filter>
    </ClInclude>
    <ClInclude Include="StdMessageFactory.h">
      <Filter>Header Files</Filter>
    </ClInclude>
    <ClInclude Include="EMessageId.h">
      <Filter>Header Files</Filter>
    </ClInclude>
    <ClInclude Include="StdMessages\ExampleStdMessage.h">
      <Filter>StdMessages</Filter>
    </ClInclude>
    <ClInclude Include="StdMessages\AngularVelocityStdMessage.h">
      <Filter>StdMessages</Filter>
    </ClInclude>
    <ClInclude Include="StdMessages\AntNameStdMessage.h">
      <Filter>StdMessages</Filter>
    </ClInclude>
    <ClInclude Include="StdMessages\BaseInfoStdMessage.h">
      <Filter>StdMessages</Filter>
    </ClInclude>
    <ClInclude Include="StdMessages\BaseLineStdMessage.h">
      <Filter>StdMessages</Filter>
    </ClInclude>
    <ClInclude Include="StdMessages\ClockOffsetsStdMessage.h">
      <Filter>StdMessages</Filter>
    </ClInclude>
    <ClInclude Include="StdMessages\CNR4StdMessage.h">
      <Filter>StdMessages</Filter>
    </ClInclude>
    <ClInclude Include="StdMessages\CNRStdMessage.h">
      <Filter>StdMessages</Filter>
    </ClInclude>
    <ClInclude Include="StdMessages\CPStdMessage.h">
      <Filter>StdMessages</Filter>
    </ClInclude>
    <ClInclude Include="StdMessages\DopsStdMessage.h">
      <Filter>StdMessages</Filter>
    </ClInclude>
    <ClInclude Include="StdMessages\DPStdMessage.h">
      <Filter>StdMessages</Filter>
    </ClInclude>
    <ClInclude Include="StdMessages\EpochEndStdMessage.h">
      <Filter>StdMessages</Filter>
    </ClInclude>
    <ClInclude Include="StdMessages\EpochTimeStdMessage.h">
      <Filter>StdMessages</Filter>
    </ClInclude>
    <ClInclude Include="StdMessages\ERStdMessage.h">
      <Filter>StdMessages</Filter>
    </ClInclude>
    <ClInclude Include="StdMessages\EventStdMessage.h">
      <Filter>StdMessages</Filter>
    </ClInclude>
    <ClInclude Include="StdMessages\ExtEventStdMessage.h">
      <Filter>StdMessages</Filter>
    </ClInclude>
    <ClInclude Include="StdMessages\FileIdStdMessage.h">
      <Filter>StdMessages</Filter>
    </ClInclude>
    <ClInclude Include="StdMessages\FlagsStdMessage.h">
      <Filter>StdMessages</Filter>
    </ClInclude>
    <ClInclude Include="StdMessages\GALAlmStdMessage.h">
      <Filter>StdMessages</Filter>
    </ClInclude>
    <ClInclude Include="StdMessages\GALEphemerisStdMessage.h">
      <Filter>StdMessages</Filter>
    </ClInclude>
    <ClInclude Include="StdMessages\GALRawMessageStdMessage.h">
      <Filter>StdMessages</Filter>
    </ClInclude>
    <ClInclude Include="StdMessages\GalUtcGpsParamStdMessage.h">
      <Filter>StdMessages</Filter>
    </ClInclude>
    <ClInclude Include="StdMessages\GeoPosStdMessage.h">
      <Filter>StdMessages</Filter>
    </ClInclude>
    <ClInclude Include="StdMessages\GeoVelStdMessage.h">
      <Filter>StdMessages</Filter>
    </ClInclude>
    <ClInclude Include="StdMessages\GLOAlmanacStdMessage.h">
      <Filter>StdMessages</Filter>
    </ClInclude>
    <ClInclude Include="StdMessages\GLOEphemerisStdMessage.h">
      <Filter>StdMessages</Filter>
    </ClInclude>
    <ClInclude Include="StdMessages\GloNavDataStdMessage.h">
      <Filter>StdMessages</Filter>
    </ClInclude>
    <ClInclude Include="StdMessages\GloPhaseDelayStdMessage.h">
      <Filter>StdMessages</Filter>
    </ClInclude>
    <ClInclude Include="StdMessages\GLOTimeStdMessage.h">
      <Filter>StdMessages</Filter>
    </ClInclude>
    <ClInclude Include="StdMessages\GloUtcGpsParamStdMessage.h">
      <Filter>StdMessages</Filter>
    </ClInclude>
    <ClInclude Include="StdMessages\GPSAlm0StdMessage.h">
      <Filter>StdMessages</Filter>
    </ClInclude>
    <ClInclude Include="StdMessages\GPSEphemeris0StdMessage.h">
      <Filter>StdMessages</Filter>
    </ClInclude>
    <ClInclude Include="StdMessages\GpsNavDataStdMessage.h">
      <Filter>StdMessages</Filter>
    </ClInclude>
    <ClInclude Include="StdMessages\GPSTimeStdMessage.h">
      <Filter>StdMessages</Filter>
    </ClInclude>
    <ClInclude Include="StdMessages\GpsUtcParamStdMessage.h">
      <Filter>StdMessages</Filter>
    </ClInclude>
    <ClInclude Include="StdMessages\InertialMeasurementsStdMessage.h">
      <Filter>StdMessages</Filter>
    </ClInclude>
    <ClInclude Include="StdMessages\IonoDelayStdMessage.h">
      <Filter>StdMessages</Filter>
    </ClInclude>
    <ClInclude Include="StdMessages\IonoParamsStdMessage.h">
      <Filter>StdMessages</Filter>
    </ClInclude>
    <ClInclude Include="StdMessages\LatencyStdMessage.h">
      <Filter>StdMessages</Filter>
    </ClInclude>
    <ClInclude Include="StdMessages\LoggingHistoryStdMessage.h">
      <Filter>StdMessages</Filter>
    </ClInclude>
    <ClInclude Include="StdMessages\MsgFmtStdMessage.h">
      <Filter>StdMessages</Filter>
    </ClInclude>
    <ClInclude Include="StdMessages\NavStatusStdMessage.h">
      <Filter>StdMessages</Filter>
    </ClInclude>
    <ClInclude Include="StdMessages\ParamsStdMessage.h">
      <Filter>StdMessages</Filter>
    </ClInclude>
    <ClInclude Include="StdMessages\PosCompTimeStdMessage.h">
      <Filter>StdMessages</Filter>
    </ClInclude>
    <ClInclude Include="StdMessages\PosCovStdMessage.h">
      <Filter>StdMessages</Filter>
    </ClInclude>
    <ClInclude Include="StdMessages\PosStatStdMessage.h">
      <Filter>StdMessages</Filter>
    </ClInclude>
    <ClInclude Include="StdMessages\PosStdMessage.h">
      <Filter>StdMessages</Filter>
    </ClInclude>
    <ClInclude Include="StdMessages\PosVelStdMessage.h">
      <Filter>StdMessages</Filter>
    </ClInclude>
    <ClInclude Include="StdMessages\PosVelVectorStdMessage.h">
      <Filter>StdMessages</Filter>
    </ClInclude>
    <ClInclude Include="StdMessages\PPSOffsetStdMessage.h">
      <Filter>StdMessages</Filter>
    </ClInclude>
    <ClInclude Include="StdMessages\PRStdMessage.h">
      <Filter>StdMessages</Filter>
    </ClInclude>
    <ClInclude Include="StdMessages\RawMeasStdMessage.h">
      <Filter>StdMessages</Filter>
    </ClInclude>
    <ClInclude Include="StdMessages\RCPRC0StdMessage.h">
      <Filter>StdMessages</Filter>
    </ClInclude>
    <ClInclude Include="StdMessages\RCPRc1StdMessage.h">
      <Filter>StdMessages</Filter>
    </ClInclude>
    <ClInclude Include="StdMessages\RcvDateStdMessage.h">
      <Filter>StdMessages</Filter>
    </ClInclude>
    <ClInclude Include="StdMessages\RcvGALTimeOffsetStdMessage.h">
      <Filter>StdMessages</Filter>
    </ClInclude>
    <ClInclude Include="StdMessages\RcvGLOTimeOffsetStdMessage.h">
      <Filter>StdMessages</Filter>
    </ClInclude>
    <ClInclude Include="StdMessages\RcvGPSTimeOffsetStdMessage.h">
      <Filter>StdMessages</Filter>
    </ClInclude>
    <ClInclude Include="StdMessages\RcvOscOffsStdMessage.h">
      <Filter>StdMessages</Filter>
    </ClInclude>
    <ClInclude Include="StdMessages\RcvTimeAccuracyStdMessage.h">
      <Filter>StdMessages</Filter>
    </ClInclude>
    <ClInclude Include="StdMessages\RcvTimeOffsAtPPSStdMessage.h">
      <Filter>StdMessages</Filter>
    </ClInclude>
    <ClInclude Include="StdMessages\RcvTimeOffsetDotStdMessage.h">
      <Filter>StdMessages</Filter>
    </ClInclude>
    <ClInclude Include="StdMessages\RcvTimeOffsetStdMessage.h">
      <Filter>StdMessages</Filter>
    </ClInclude>
    <ClInclude Include="StdMessages\RcvTimeStdMessage.h">
      <Filter>StdMessages</Filter>
    </ClInclude>
    <ClInclude Include="StdMessages\RcvWAASTimeOffsetStdMessage.h">
      <Filter>StdMessages</Filter>
    </ClInclude>
    <ClInclude Include="StdMessages\RefEpochStdMessage.h">
      <Filter>StdMessages</Filter>
    </ClInclude>
    <ClInclude Include="StdMessages\REStdMessage.h">
      <Filter>StdMessages</Filter>
    </ClInclude>
    <ClInclude Include="StdMessages\RmsStdMessage.h">
      <Filter>StdMessages</Filter>
    </ClInclude>
    <ClInclude Include="StdMessages\RotationAnglesStdMessage.h">
      <Filter>StdMessages</Filter>
    </ClInclude>
    <ClInclude Include="StdMessages\RotationMatrixAndVectorsStdMessage.h">
      <Filter>StdMessages</Filter>
    </ClInclude>
    <ClInclude Include="StdMessages\RotationMatrixStdMessage.h">
      <Filter>StdMessages</Filter>
    </ClInclude>
    <ClInclude Include="StdMessages\RPRStdMessage.h">
      <Filter>StdMessages</Filter>
    </ClInclude>
    <ClInclude Include="StdMessages\SatAzimuthStdMessage.h">
      <Filter>StdMessages</Filter>
    </ClInclude>
    <ClInclude Include="StdMessages\SatElevationStdMessage.h">
      <Filter>StdMessages</Filter>
    </ClInclude>
    <ClInclude Include="StdMessages\SatIndexStdMessage.h">
      <Filter>StdMessages</Filter>
    </ClInclude>
    <ClInclude Include="StdMessages\SatNumbersStdMessage.h">
      <Filter>StdMessages</Filter>
    </ClInclude>
    <ClInclude Include="StdMessages\SCPStdMessage.h">
      <Filter>StdMessages</Filter>
    </ClInclude>
    <ClInclude Include="StdMessages\SCStdMessage.h">
      <Filter>StdMessages</Filter>
    </ClInclude>
    <ClInclude Include="StdMessages\Security0StdMessage.h">
      <Filter>StdMessages</Filter>
    </ClInclude>
    <ClInclude Include="StdMessages\Security1StdMessage.h">
      <Filter>StdMessages</Filter>
    </ClInclude>
    <ClInclude Include="StdMessages\SolutionTimeStdMessage.h">
      <Filter>StdMessages</Filter>
    </ClInclude>
    <ClInclude Include="StdMessages\SPRStdMessage.h">
      <Filter>StdMessages</Filter>
    </ClInclude>
    <ClInclude Include="StdMessages\SRDPStdMessage.h">
      <Filter>StdMessages</Filter>
    </ClInclude>
    <ClInclude Include="StdMessages\SRPRStdMessage.h">
      <Filter>StdMessages</Filter>
    </ClInclude>
    <ClInclude Include="StdMessages\SSStdMessage.h">
      <Filter>StdMessages</Filter>
    </ClInclude>
    <ClInclude Include="StdMessages\TrackingTimeCAStdMessage.h">
      <Filter>StdMessages</Filter>
    </ClInclude>
    <ClInclude Include="StdMessages\TrackingTimeStdMessage.h">
      <Filter>StdMessages</Filter>
    </ClInclude>
    <ClInclude Include="StdMessages\VelCovStdMessage.h">
      <Filter>StdMessages</Filter>
    </ClInclude>
    <ClInclude Include="StdMessages\VelStdMessage.h">
      <Filter>StdMessages</Filter>
    </ClInclude>
    <ClInclude Include="StdMessages\WAASAlmanacStdMessage.h">
      <Filter>StdMessages</Filter>
    </ClInclude>
    <ClInclude Include="StdMessages\WAASEhemerisStdMessage.h">
      <Filter>StdMessages</Filter>
    </ClInclude>
    <ClInclude Include="StdMessages\WAASRawMessageStdMessage.h">
      <Filter>StdMessages</Filter>
    </ClInclude>
    <ClInclude Include="StdMessages\WaasUtcParamStdMessage.h">
      <Filter>StdMessages</Filter>
    </ClInclude>
    <ClInclude Include="StdMessages\WrapperStdMessage.h">
      <Filter>StdMessages</Filter>
    </ClInclude>
    <ClInclude Include="CustomType.h">
      <Filter>Header Files</Filter>
    </ClInclude>
    <ClInclude Include="CustomTypes\ClkOffsCustomType.h">
      <Filter>CustomTypes</Filter>
    </ClInclude>
    <ClInclude Include="CustomTypes\GPSAlm1CustomType.h">
      <Filter>CustomTypes</Filter>
    </ClInclude>
    <ClInclude Include="CustomTypes\GPSEphemeris1CustomType.h">
      <Filter>CustomTypes</Filter>
    </ClInclude>
    <ClInclude Include="CustomTypes\HeaderCustomType.h">
      <Filter>CustomTypes</Filter>
    </ClInclude>
    <ClInclude Include="CustomTypes\SlotRecCustomType.h">
      <Filter>CustomTypes</Filter>
    </ClInclude>
    <ClInclude Include="CustomTypes\SmoothCustomType.h">
      <Filter>CustomTypes</Filter>
    </ClInclude>
    <ClInclude Include="CustomTypes\SvData0CustomType.h">
      <Filter>CustomTypes</Filter>
    </ClInclude>
    <ClInclude Include="CustomTypes\SvData1CustomType.h">
      <Filter>CustomTypes</Filter>
    </ClInclude>
    <ClInclude Include="CustomTypes\SvData2CustomType.h">
      <Filter>CustomTypes</Filter>
    </ClInclude>
    <ClInclude Include="CustomTypes\UtcOffsCustomType.h">
      <Filter>CustomTypes</Filter>
    </ClInclude>
    <ClInclude Include="GreisBinarySerializer.h">
      <Filter>Header Files</Filter>
    </ClInclude>
    <ClInclude Include="RawCustomType.h">
      <Filter>Header Files</Filter>
    </ClInclude>
    <ClInclude Include="JpsFile.h">
      <Filter>Header Files</Filter>
    </ClInclude>
  </ItemGroup>
  <ItemGroup>
    <ClCompile Include="NonStdTextMessage.cpp">
      <Filter>Source Files</Filter>
    </ClCompile>
    <ClCompile Include="ChecksumComputer.cpp">
      <Filter>Source Files</Filter>
    </ClCompile>
    <ClCompile Include="StdMessage.cpp">
      <Filter>Source Files</Filter>
    </ClCompile>
    <ClCompile Include="RawStdMessage.cpp">
      <Filter>Source Files</Filter>
    </ClCompile>
    <ClCompile Include="GreisMessageStream.cpp">
      <Filter>Source Files</Filter>
    </ClCompile>
    <ClCompile Include="StdMessageGeneratedMembers.cpp">
      <Filter>Source Files</Filter>
    </ClCompile>
    <ClCompile Include="StdMessageFactory.cpp">
      <Filter>Source Files</Filter>
    </ClCompile>
    <ClCompile Include="StdMessages\ExampleStdMessage.cpp">
      <Filter>StdMessages</Filter>
    </ClCompile>
    <ClCompile Include="StdMessages\AngularVelocityStdMessage.cpp">
      <Filter>StdMessages</Filter>
    </ClCompile>
    <ClCompile Include="StdMessages\AntNameStdMessage.cpp">
      <Filter>StdMessages</Filter>
    </ClCompile>
    <ClCompile Include="StdMessages\BaseInfoStdMessage.cpp">
      <Filter>StdMessages</Filter>
    </ClCompile>
    <ClCompile Include="StdMessages\BaseLineStdMessage.cpp">
      <Filter>StdMessages</Filter>
    </ClCompile>
    <ClCompile Include="StdMessages\ClockOffsetsStdMessage.cpp">
      <Filter>StdMessages</Filter>
    </ClCompile>
    <ClCompile Include="StdMessages\CNR4StdMessage.cpp">
      <Filter>StdMessages</Filter>
    </ClCompile>
    <ClCompile Include="StdMessages\CNRStdMessage.cpp">
      <Filter>StdMessages</Filter>
    </ClCompile>
    <ClCompile Include="StdMessages\CPStdMessage.cpp">
      <Filter>StdMessages</Filter>
    </ClCompile>
    <ClCompile Include="StdMessages\DopsStdMessage.cpp">
      <Filter>StdMessages</Filter>
    </ClCompile>
    <ClCompile Include="StdMessages\DPStdMessage.cpp">
      <Filter>StdMessages</Filter>
    </ClCompile>
    <ClCompile Include="StdMessages\EpochEndStdMessage.cpp">
      <Filter>StdMessages</Filter>
    </ClCompile>
    <ClCompile Include="StdMessages\EpochTimeStdMessage.cpp">
      <Filter>StdMessages</Filter>
    </ClCompile>
    <ClCompile Include="StdMessages\ERStdMessage.cpp">
      <Filter>StdMessages</Filter>
    </ClCompile>
    <ClCompile Include="StdMessages\EventStdMessage.cpp">
      <Filter>StdMessages</Filter>
    </ClCompile>
    <ClCompile Include="StdMessages\ExtEventStdMessage.cpp">
      <Filter>StdMessages</Filter>
    </ClCompile>
    <ClCompile Include="StdMessages\FileIdStdMessage.cpp">
      <Filter>StdMessages</Filter>
    </ClCompile>
    <ClCompile Include="StdMessages\FlagsStdMessage.cpp">
      <Filter>StdMessages</Filter>
    </ClCompile>
    <ClCompile Include="StdMessages\GALAlmStdMessage.cpp">
      <Filter>StdMessages</Filter>
    </ClCompile>
    <ClCompile Include="StdMessages\GALEphemerisStdMessage.cpp">
      <Filter>StdMessages</Filter>
    </ClCompile>
    <ClCompile Include="StdMessages\GALRawMessageStdMessage.cpp">
      <Filter>StdMessages</Filter>
    </ClCompile>
    <ClCompile Include="StdMessages\GalUtcGpsParamStdMessage.cpp">
      <Filter>StdMessages</Filter>
    </ClCompile>
    <ClCompile Include="StdMessages\GeoPosStdMessage.cpp">
      <Filter>StdMessages</Filter>
    </ClCompile>
    <ClCompile Include="StdMessages\GeoVelStdMessage.cpp">
      <Filter>StdMessages</Filter>
    </ClCompile>
    <ClCompile Include="StdMessages\GLOAlmanacStdMessage.cpp">
      <Filter>StdMessages</Filter>
    </ClCompile>
    <ClCompile Include="StdMessages\GLOEphemerisStdMessage.cpp">
      <Filter>StdMessages</Filter>
    </ClCompile>
    <ClCompile Include="StdMessages\GloNavDataStdMessage.cpp">
      <Filter>StdMessages</Filter>
    </ClCompile>
    <ClCompile Include="StdMessages\GloPhaseDelayStdMessage.cpp">
      <Filter>StdMessages</Filter>
    </ClCompile>
    <ClCompile Include="StdMessages\GLOTimeStdMessage.cpp">
      <Filter>StdMessages</Filter>
    </ClCompile>
    <ClCompile Include="StdMessages\GloUtcGpsParamStdMessage.cpp">
      <Filter>StdMessages</Filter>
    </ClCompile>
    <ClCompile Include="StdMessages\GPSAlm0StdMessage.cpp">
      <Filter>StdMessages</Filter>
    </ClCompile>
    <ClCompile Include="StdMessages\GPSEphemeris0StdMessage.cpp">
      <Filter>StdMessages</Filter>
    </ClCompile>
    <ClCompile Include="StdMessages\GpsNavDataStdMessage.cpp">
      <Filter>StdMessages</Filter>
    </ClCompile>
    <ClCompile Include="StdMessages\GPSTimeStdMessage.cpp">
      <Filter>StdMessages</Filter>
    </ClCompile>
    <ClCompile Include="StdMessages\GpsUtcParamStdMessage.cpp">
      <Filter>StdMessages</Filter>
    </ClCompile>
    <ClCompile Include="StdMessages\InertialMeasurementsStdMessage.cpp">
      <Filter>StdMessages</Filter>
    </ClCompile>
    <ClCompile Include="StdMessages\IonoDelayStdMessage.cpp">
      <Filter>StdMessages</Filter>
    </ClCompile>
    <ClCompile Include="StdMessages\IonoParamsStdMessage.cpp">
      <Filter>StdMessages</Filter>
    </ClCompile>
    <ClCompile Include="StdMessages\LatencyStdMessage.cpp">
      <Filter>StdMessages</Filter>
    </ClCompile>
    <ClCompile Include="StdMessages\LoggingHistoryStdMessage.cpp">
      <Filter>StdMessages</Filter>
    </ClCompile>
    <ClCompile Include="StdMessages\MsgFmtStdMessage.cpp">
      <Filter>StdMessages</Filter>
    </ClCompile>
    <ClCompile Include="StdMessages\NavStatusStdMessage.cpp">
      <Filter>StdMessages</Filter>
    </ClCompile>
    <ClCompile Include="StdMessages\ParamsStdMessage.cpp">
      <Filter>StdMessages</Filter>
    </ClCompile>
    <ClCompile Include="StdMessages\PosCompTimeStdMessage.cpp">
      <Filter>StdMessages</Filter>
    </ClCompile>
    <ClCompile Include="StdMessages\PosCovStdMessage.cpp">
      <Filter>StdMessages</Filter>
    </ClCompile>
    <ClCompile Include="StdMessages\PosStatStdMessage.cpp">
      <Filter>StdMessages</Filter>
    </ClCompile>
    <ClCompile Include="StdMessages\PosStdMessage.cpp">
      <Filter>StdMessages</Filter>
    </ClCompile>
    <ClCompile Include="StdMessages\PosVelStdMessage.cpp">
      <Filter>StdMessages</Filter>
    </ClCompile>
    <ClCompile Include="StdMessages\PosVelVectorStdMessage.cpp">
      <Filter>StdMessages</Filter>
    </ClCompile>
    <ClCompile Include="StdMessages\PPSOffsetStdMessage.cpp">
      <Filter>StdMessages</Filter>
    </ClCompile>
    <ClCompile Include="StdMessages\PRStdMessage.cpp">
      <Filter>StdMessages</Filter>
    </ClCompile>
    <ClCompile Include="StdMessages\RawMeasStdMessage.cpp">
      <Filter>StdMessages</Filter>
    </ClCompile>
    <ClCompile Include="StdMessages\RCPRC0StdMessage.cpp">
      <Filter>StdMessages</Filter>
    </ClCompile>
    <ClCompile Include="StdMessages\RCPRc1StdMessage.cpp">
      <Filter>StdMessages</Filter>
    </ClCompile>
    <ClCompile Include="StdMessages\RcvDateStdMessage.cpp">
      <Filter>StdMessages</Filter>
    </ClCompile>
    <ClCompile Include="StdMessages\RcvGALTimeOffsetStdMessage.cpp">
      <Filter>StdMessages</Filter>
    </ClCompile>
    <ClCompile Include="StdMessages\RcvGLOTimeOffsetStdMessage.cpp">
      <Filter>StdMessages</Filter>
    </ClCompile>
    <ClCompile Include="StdMessages\RcvGPSTimeOffsetStdMessage.cpp">
      <Filter>StdMessages</Filter>
    </ClCompile>
    <ClCompile Include="StdMessages\RcvOscOffsStdMessage.cpp">
      <Filter>StdMessages</Filter>
    </ClCompile>
    <ClCompile Include="StdMessages\RcvTimeAccuracyStdMessage.cpp">
      <Filter>StdMessages</Filter>
    </ClCompile>
    <ClCompile Include="StdMessages\RcvTimeOffsAtPPSStdMessage.cpp">
      <Filter>StdMessages</Filter>
    </ClCompile>
    <ClCompile Include="StdMessages\RcvTimeOffsetDotStdMessage.cpp">
      <Filter>StdMessages</Filter>
    </ClCompile>
    <ClCompile Include="StdMessages\RcvTimeOffsetStdMessage.cpp">
      <Filter>StdMessages</Filter>
    </ClCompile>
    <ClCompile Include="StdMessages\RcvTimeStdMessage.cpp">
      <Filter>StdMessages</Filter>
    </ClCompile>
    <ClCompile Include="StdMessages\RcvWAASTimeOffsetStdMessage.cpp">
      <Filter>StdMessages</Filter>
    </ClCompile>
    <ClCompile Include="StdMessages\RefEpochStdMessage.cpp">
      <Filter>StdMessages</Filter>
    </ClCompile>
    <ClCompile Include="StdMessages\REStdMessage.cpp">
      <Filter>StdMessages</Filter>
    </ClCompile>
    <ClCompile Include="StdMessages\RmsStdMessage.cpp">
      <Filter>StdMessages</Filter>
    </ClCompile>
    <ClCompile Include="StdMessages\RotationAnglesStdMessage.cpp">
      <Filter>StdMessages</Filter>
    </ClCompile>
    <ClCompile Include="StdMessages\RotationMatrixAndVectorsStdMessage.cpp">
      <Filter>StdMessages</Filter>
    </ClCompile>
    <ClCompile Include="StdMessages\RotationMatrixStdMessage.cpp">
      <Filter>StdMessages</Filter>
    </ClCompile>
    <ClCompile Include="StdMessages\RPRStdMessage.cpp">
      <Filter>StdMessages</Filter>
    </ClCompile>
    <ClCompile Include="StdMessages\SatAzimuthStdMessage.cpp">
      <Filter>StdMessages</Filter>
    </ClCompile>
    <ClCompile Include="StdMessages\SatElevationStdMessage.cpp">
      <Filter>StdMessages</Filter>
    </ClCompile>
    <ClCompile Include="StdMessages\SatIndexStdMessage.cpp">
      <Filter>StdMessages</Filter>
    </ClCompile>
    <ClCompile Include="StdMessages\SatNumbersStdMessage.cpp">
      <Filter>StdMessages</Filter>
    </ClCompile>
    <ClCompile Include="StdMessages\SCPStdMessage.cpp">
      <Filter>StdMessages</Filter>
    </ClCompile>
    <ClCompile Include="StdMessages\SCStdMessage.cpp">
      <Filter>StdMessages</Filter>
    </ClCompile>
    <ClCompile Include="StdMessages\Security0StdMessage.cpp">
      <Filter>StdMessages</Filter>
    </ClCompile>
    <ClCompile Include="StdMessages\Security1StdMessage.cpp">
      <Filter>StdMessages</Filter>
    </ClCompile>
    <ClCompile Include="StdMessages\SolutionTimeStdMessage.cpp">
      <Filter>StdMessages</Filter>
    </ClCompile>
    <ClCompile Include="StdMessages\SPRStdMessage.cpp">
      <Filter>StdMessages</Filter>
    </ClCompile>
    <ClCompile Include="StdMessages\SRDPStdMessage.cpp">
      <Filter>StdMessages</Filter>
    </ClCompile>
    <ClCompile Include="StdMessages\SRPRStdMessage.cpp">
      <Filter>StdMessages</Filter>
    </ClCompile>
    <ClCompile Include="StdMessages\SSStdMessage.cpp">
      <Filter>StdMessages</Filter>
    </ClCompile>
    <ClCompile Include="StdMessages\TrackingTimeCAStdMessage.cpp">
      <Filter>StdMessages</Filter>
    </ClCompile>
    <ClCompile Include="StdMessages\TrackingTimeStdMessage.cpp">
      <Filter>StdMessages</Filter>
    </ClCompile>
    <ClCompile Include="StdMessages\VelCovStdMessage.cpp">
      <Filter>StdMessages</Filter>
    </ClCompile>
    <ClCompile Include="StdMessages\VelStdMessage.cpp">
      <Filter>StdMessages</Filter>
    </ClCompile>
    <ClCompile Include="StdMessages\WAASAlmanacStdMessage.cpp">
      <Filter>StdMessages</Filter>
    </ClCompile>
    <ClCompile Include="StdMessages\WAASEhemerisStdMessage.cpp">
      <Filter>StdMessages</Filter>
    </ClCompile>
    <ClCompile Include="StdMessages\WAASRawMessageStdMessage.cpp">
      <Filter>StdMessages</Filter>
    </ClCompile>
    <ClCompile Include="StdMessages\WaasUtcParamStdMessage.cpp">
      <Filter>StdMessages</Filter>
    </ClCompile>
    <ClCompile Include="StdMessages\WrapperStdMessage.cpp">
      <Filter>StdMessages</Filter>
    </ClCompile>
    <ClCompile Include="CustomTypes\ClkOffsCustomType.cpp">
      <Filter>CustomTypes</Filter>
    </ClCompile>
    <ClCompile Include="CustomTypes\GPSAlm1CustomType.cpp">
      <Filter>CustomTypes</Filter>
    </ClCompile>
    <ClCompile Include="CustomTypes\GPSEphemeris1CustomType.cpp">
      <Filter>CustomTypes</Filter>
    </ClCompile>
    <ClCompile Include="CustomTypes\HeaderCustomType.cpp">
      <Filter>CustomTypes</Filter>
    </ClCompile>
    <ClCompile Include="CustomTypes\SlotRecCustomType.cpp">
      <Filter>CustomTypes</Filter>
    </ClCompile>
    <ClCompile Include="CustomTypes\SmoothCustomType.cpp">
      <Filter>CustomTypes</Filter>
    </ClCompile>
    <ClCompile Include="CustomTypes\SvData0CustomType.cpp">
      <Filter>CustomTypes</Filter>
    </ClCompile>
    <ClCompile Include="CustomTypes\SvData1CustomType.cpp">
      <Filter>CustomTypes</Filter>
    </ClCompile>
    <ClCompile Include="CustomTypes\SvData2CustomType.cpp">
      <Filter>CustomTypes</Filter>
    </ClCompile>
    <ClCompile Include="CustomTypes\UtcOffsCustomType.cpp">
      <Filter>CustomTypes</Filter>
    </ClCompile>
    <ClCompile Include="GreisBinarySerializer.cpp">
      <Filter>Source Files</Filter>
    </ClCompile>
    <ClCompile Include="CustomType.cpp">
      <Filter>Source Files</Filter>
    </ClCompile>
  </ItemGroup>
</Project>